{
  "name": "@linera/examples/hosted-counter",
  "version": "0.0.0",
  "lockfileVersion": 2,
  "requires": true,
  "packages": {
    "": {
      "name": "@linera/examples/hosted-counter",
      "version": "0.0.0",
      "license": "Apache-2.0",
      "dependencies": {
        "@linera/client": "file:../../../linera-protocol/linera-web",
        "@linera/signer": "file:../../../linera-protocol/linera-web/signer",
        "buffer": "^6.0.3"
      },
      "devDependencies": {
        "vite": "^5.4.10"
      }
    },
    "../../../linera-protocol/linera-web": {
      "version": "0.14.0",
      "hasInstallScript": true,
      "license": "Apache-2.0"
    },
    "../../../linera-protocol/linera-web/signer": {
      "version": "0.0.1",
      "license": "Apache-2.0",
      "dependencies": {
        "@linera/client": "file:../",
        "ethers": "^6.14.3"
      },
      "devDependencies": {
        "@metamask/providers": "^22.1.0",
        "@types/jest": "^29.5.14",
        "@types/readable-stream": "^4.0.21",
        "jest": "^29.7.0",
        "ts-jest": "^29.3.4",
        "ts-node": "^10.9.2",
        "typescript": "^5.8.3"
      }
    },
    "../../node_modules/.pnpm/@linera+client@file+..+linera-protocol+linera-web/node_modules/@linera/client": {
      "version": "0.14.0",
      "extraneous": true,
      "hasInstallScript": true,
      "license": "Apache-2.0"
    },
    "../../node_modules/.pnpm/@linera+signer@file+..+linera-protocol+linera-web+signer/node_modules/@linera/signer": {
      "version": "0.0.1",
      "extraneous": true,
      "license": "Apache-2.0",
      "dependencies": {
        "@linera/client": "file:../",
        "ethers": "^6.14.3"
      },
      "devDependencies": {
        "@metamask/providers": "^22.1.0",
        "@types/jest": "^29.5.14",
        "@types/readable-stream": "^4.0.21",
        "jest": "^29.7.0",
        "ts-jest": "^29.3.4",
        "ts-node": "^10.9.2",
        "typescript": "^5.8.3"
      }
    },
    "../../node_modules/.pnpm/vite@5.4.11_@types+node@22.15.23_terser@5.32.0/node_modules/vite": {
      "version": "5.4.11",
      "dev": true,
      "license": "MIT",
      "dependencies": {
        "esbuild": "^0.21.3",
        "postcss": "^8.4.43",
        "rollup": "^4.20.0"
      },
      "bin": {
        "vite": "bin/vite.js"
      },
      "devDependencies": {
        "@ampproject/remapping": "^2.3.0",
        "@babel/parser": "^7.25.6",
        "@jridgewell/trace-mapping": "^0.3.25",
        "@polka/compression": "^1.0.0-next.25",
        "@rollup/plugin-alias": "^5.1.0",
        "@rollup/plugin-commonjs": "^26.0.1",
        "@rollup/plugin-dynamic-import-vars": "^2.1.2",
        "@rollup/plugin-json": "^6.1.0",
        "@rollup/plugin-node-resolve": "15.2.3",
        "@rollup/pluginutils": "^5.1.0",
        "@types/escape-html": "^1.0.4",
        "@types/pnpapi": "^0.0.5",
        "artichokie": "^0.2.1",
        "cac": "^6.7.14",
        "chokidar": "^3.6.0",
        "connect": "^3.7.0",
        "convert-source-map": "^2.0.0",
        "cors": "^2.8.5",
        "cross-spawn": "^7.0.3",
        "debug": "^4.3.6",
        "dep-types": "link:./src/types",
        "dotenv": "^16.4.5",
        "dotenv-expand": "^11.0.6",
        "es-module-lexer": "^1.5.4",
        "escape-html": "^1.0.3",
        "estree-walker": "^3.0.3",
        "etag": "^1.8.1",
        "fast-glob": "^3.3.2",
        "http-proxy": "^1.18.1",
        "launch-editor-middleware": "^2.9.1",
        "lightningcss": "^1.26.0",
        "magic-string": "^0.30.11",
        "micromatch": "^4.0.8",
        "mlly": "^1.7.1",
        "mrmime": "^2.0.0",
        "open": "^8.4.2",
        "parse5": "^7.1.2",
        "pathe": "^1.1.2",
        "periscopic": "^4.0.2",
        "picocolors": "^1.0.1",
        "picomatch": "^2.3.1",
        "postcss-import": "^16.1.0",
        "postcss-load-config": "^4.0.2",
        "postcss-modules": "^6.0.0",
        "resolve.exports": "^2.0.2",
        "rollup-plugin-dts": "^6.1.1",
        "rollup-plugin-esbuild": "^6.1.1",
        "rollup-plugin-license": "^3.5.2",
        "sass": "^1.77.8",
        "sass-embedded": "^1.77.8",
        "sirv": "^2.0.4",
        "source-map-support": "^0.5.21",
        "strip-ansi": "^7.1.0",
        "strip-literal": "^2.1.0",
        "tsconfck": "^3.1.4",
        "tslib": "^2.7.0",
        "types": "link:./types",
        "ufo": "^1.5.4",
        "ws": "^8.18.0"
      },
      "engines": {
        "node": "^18.0.0 || >=20.0.0"
      },
      "funding": {
        "url": "https://github.com/vitejs/vite?sponsor=1"
      },
      "optionalDependencies": {
        "fsevents": "~2.3.3"
      },
      "peerDependencies": {
        "@types/node": "^18.0.0 || >=20.0.0",
        "less": "*",
        "lightningcss": "^1.21.0",
        "sass": "*",
        "sass-embedded": "*",
        "stylus": "*",
        "sugarss": "*",
        "terser": "^5.4.0"
      },
      "peerDependenciesMeta": {
        "@types/node": {
          "optional": true
        },
        "less": {
          "optional": true
        },
        "lightningcss": {
          "optional": true
        },
        "sass": {
          "optional": true
        },
        "sass-embedded": {
          "optional": true
        },
        "stylus": {
          "optional": true
        },
        "sugarss": {
          "optional": true
        },
        "terser": {
          "optional": true
        }
      }
    },
    "node_modules/@linera/client": {
      "resolved": "../../../linera-protocol/linera-web",
      "link": true
    },
    "node_modules/@linera/signer": {
      "resolved": "../../../linera-protocol/linera-web/signer",
      "link": true
    },
    "node_modules/base64-js": {
      "version": "1.5.1",
      "resolved": "https://registry.npmjs.org/base64-js/-/base64-js-1.5.1.tgz",
      "integrity": "sha512-AKpaYlHn8t4SVbOHCy+b5+KKgvR4vrsD8vbvrbiQJps7fKDTkjkDry6ji0rUJjC0kzbNePLwzxq8iypo41qeWA==",
      "funding": [
        {
          "type": "github",
          "url": "https://github.com/sponsors/feross"
        },
        {
          "type": "patreon",
          "url": "https://www.patreon.com/feross"
        },
        {
          "type": "consulting",
          "url": "https://feross.org/support"
        }
      ]
    },
    "node_modules/buffer": {
      "version": "6.0.3",
      "resolved": "https://registry.npmjs.org/buffer/-/buffer-6.0.3.tgz",
      "integrity": "sha512-FTiCpNxtwiZZHEZbcbTIcZjERVICn9yq/pDFkTl95/AxzD1naBctN7YO68riM/gLSDY7sdrMby8hofADYuuqOA==",
      "funding": [
        {
          "type": "github",
          "url": "https://github.com/sponsors/feross"
        },
        {
          "type": "patreon",
          "url": "https://www.patreon.com/feross"
        },
        {
          "type": "consulting",
          "url": "https://feross.org/support"
        }
      ],
      "dependencies": {
        "base64-js": "^1.3.1",
        "ieee754": "^1.2.1"
      }
    },
    "node_modules/ieee754": {
      "version": "1.2.1",
      "resolved": "https://registry.npmjs.org/ieee754/-/ieee754-1.2.1.tgz",
      "integrity": "sha512-dcyqhDvX1C46lXZcVqCpK+FtMRQVdIMN6/Df5js2zouUsqG7I6sFxitIC+7KYK29KdXOLHdu9zL4sFnoVQnqaA==",
      "funding": [
        {
          "type": "github",
          "url": "https://github.com/sponsors/feross"
        },
        {
          "type": "patreon",
          "url": "https://www.patreon.com/feross"
        },
        {
          "type": "consulting",
          "url": "https://feross.org/support"
        }
      ]
    },
    "node_modules/vite": {
      "resolved": "../../node_modules/.pnpm/vite@5.4.11_@types+node@22.15.23_terser@5.32.0/node_modules/vite",
      "link": true
    }
  },
  "dependencies": {
    "@linera/client": {
      "version": "file:../../../linera-protocol/linera-web"
    },
    "@linera/signer": {
      "version": "file:../../../linera-protocol/linera-web/signer",
      "requires": {
        "@linera/client": "file:..",
        "@metamask/providers": "^22.1.0",
        "@types/jest": "^29.5.14",
        "@types/readable-stream": "^4.0.21",
        "ethers": "^6.14.3",
        "jest": "^29.7.0",
        "ts-jest": "^29.3.4",
        "ts-node": "^10.9.2",
        "typescript": "^5.8.3"
      }
    },
    "base64-js": {
      "version": "1.5.1",
      "resolved": "https://registry.npmjs.org/base64-js/-/base64-js-1.5.1.tgz",
      "integrity": "sha512-AKpaYlHn8t4SVbOHCy+b5+KKgvR4vrsD8vbvrbiQJps7fKDTkjkDry6ji0rUJjC0kzbNePLwzxq8iypo41qeWA=="
    },
    "buffer": {
      "version": "6.0.3",
      "resolved": "https://registry.npmjs.org/buffer/-/buffer-6.0.3.tgz",
      "integrity": "sha512-FTiCpNxtwiZZHEZbcbTIcZjERVICn9yq/pDFkTl95/AxzD1naBctN7YO68riM/gLSDY7sdrMby8hofADYuuqOA==",
      "requires": {
        "base64-js": "^1.3.1",
        "ieee754": "^1.2.1"
      }
    },
    "ieee754": {
      "version": "1.2.1",
      "resolved": "https://registry.npmjs.org/ieee754/-/ieee754-1.2.1.tgz",
      "integrity": "sha512-dcyqhDvX1C46lXZcVqCpK+FtMRQVdIMN6/Df5js2zouUsqG7I6sFxitIC+7KYK29KdXOLHdu9zL4sFnoVQnqaA=="
    },
    "vite": {
      "version": "file:../../node_modules/.pnpm/vite@5.4.11_@types+node@22.15.23_terser@5.32.0/node_modules/vite",
      "requires": {
        "@ampproject/remapping": "^2.3.0",
        "@babel/parser": "^7.25.6",
        "@jridgewell/trace-mapping": "^0.3.25",
        "@polka/compression": "^1.0.0-next.25",
        "@rollup/plugin-alias": "^5.1.0",
        "@rollup/plugin-commonjs": "^26.0.1",
        "@rollup/plugin-dynamic-import-vars": "^2.1.2",
        "@rollup/plugin-json": "^6.1.0",
        "@rollup/plugin-node-resolve": "15.2.3",
        "@rollup/pluginutils": "^5.1.0",
        "@types/escape-html": "^1.0.4",
        "@types/pnpapi": "^0.0.5",
        "artichokie": "^0.2.1",
        "cac": "^6.7.14",
        "chokidar": "^3.6.0",
        "connect": "^3.7.0",
        "convert-source-map": "^2.0.0",
        "cors": "^2.8.5",
        "cross-spawn": "^7.0.3",
        "debug": "^4.3.6",
        "dep-types": "link:./src/types",
        "dotenv": "^16.4.5",
        "dotenv-expand": "^11.0.6",
        "es-module-lexer": "^1.5.4",
        "esbuild": "^0.21.3",
        "escape-html": "^1.0.3",
        "estree-walker": "^3.0.3",
        "etag": "^1.8.1",
        "fast-glob": "^3.3.2",
        "fsevents": "~2.3.3",
        "http-proxy": "^1.18.1",
        "launch-editor-middleware": "^2.9.1",
        "lightningcss": "^1.26.0",
        "magic-string": "^0.30.11",
        "micromatch": "^4.0.8",
        "mlly": "^1.7.1",
        "mrmime": "^2.0.0",
        "open": "^8.4.2",
        "parse5": "^7.1.2",
        "pathe": "^1.1.2",
        "periscopic": "^4.0.2",
        "picocolors": "^1.0.1",
        "picomatch": "^2.3.1",
        "postcss": "^8.4.43",
        "postcss-import": "^16.1.0",
        "postcss-load-config": "^4.0.2",
        "postcss-modules": "^6.0.0",
        "resolve.exports": "^2.0.2",
        "rollup": "^4.20.0",
        "rollup-plugin-dts": "^6.1.1",
        "rollup-plugin-esbuild": "^6.1.1",
        "rollup-plugin-license": "^3.5.2",
        "sass": "^1.77.8",
        "sass-embedded": "^1.77.8",
        "sirv": "^2.0.4",
        "source-map-support": "^0.5.21",
        "strip-ansi": "^7.1.0",
        "strip-literal": "^2.1.0",
        "tsconfck": "^3.1.4",
        "tslib": "^2.7.0",
        "types": "link:./types",
        "ufo": "^1.5.4",
        "ws": "^8.18.0"
      }
    }
  }
}
